
Microsoft Visual Studio Solution File, Format Version 12.00
# Visual Studio Version 16
VisualStudioVersion = 16.0.30804.86
MinimumVisualStudioVersion = 10.0.40219.1
Project("{FAE04EC0-301F-11D3-BF4B-00C04F79EFBC}") = "serverSticksy", "serverSticksy.csproj", "{517A09E3-D0E6-4EA9-A928-D18664314407}"
EndProject
Global
	GlobalSection(SolutionConfigurationPlatforms) = preSolution
		Debug|Any CPU = Debug|Any CPU
		Release|Any CPU = Release|Any CPU
	EndGlobalSection
	GlobalSection(ProjectConfigurationPlatforms) = postSolution
		{517A09E3-D0E6-4EA9-A928-D18664314407}.Debug|Any CPU.ActiveCfg = Debug|Any CPU
		{517A09E3-D0E6-4EA9-A928-D18664314407}.Debug|Any CPU.Build.0 = Debug|Any CPU
		{517A09E3-D0E6-4EA9-A928-D18664314407}.Release|Any CPU.ActiveCfg = Release|Any CPU
		{517A09E3-D0E6-4EA9-A928-D18664314407}.Release|Any CPU.Build.0 = Release|Any CPU
	EndGlobalSection
	GlobalSection(SolutionProperties) = preSolution
		HideSolutionNode = FALSE
	EndGlobalSection
	GlobalSection(ExtensibilityGlobals) = postSolution
		SolutionGuid = {7E77BA51-28B5-4786-AF68-FB0D6BCD7D0C}
	EndGlobalSection
EndGlobal
